
Microsoft Visual Studio Solution File, Format Version 12.00
# Visual Studio 15
VisualStudioVersion = 15.0.28307.106
MinimumVisualStudioVersion = 10.0.40219.1
Project("{FAE04EC0-301F-11D3-BF4B-00C04F79EFBC}") = "Cronical", "Cronical\Cronical.csproj", "{85D964B2-CFF6-4EE7-AB09-DB0E74CC9923}"
EndProject
Project("{FAE04EC0-301F-11D3-BF4B-00C04F79EFBC}") = "Cronical.Test", "CronicalTest\Cronical.Test.csproj", "{39CB65E1-1C80-40B1-AECD-C7F97BBDE191}"
EndProject
Project("{2150E333-8FDC-42A3-9474-1A3956D46DE8}") = "Solution Items", "Solution Items", "{15786DD8-C98E-4BE8-9341-A6A274631DEF}"
	ProjectSection(SolutionItems) = preProject
		CHANGELOG = CHANGELOG
		LICENSE = LICENSE
		README.md = README.md
	EndProjectSection
EndProject
Global
	GlobalSection(SolutionConfigurationPlatforms) = preSolution
		Debug|Any CPU = Debug|Any CPU
		Release|Any CPU = Release|Any CPU
	EndGlobalSection
	GlobalSection(ProjectConfigurationPlatforms) = postSolution
		{85D964B2-CFF6-4EE7-AB09-DB0E74CC9923}.Debug|Any CPU.ActiveCfg = Debug|Any CPU
		{85D964B2-CFF6-4EE7-AB09-DB0E74CC9923}.Debug|Any CPU.Build.0 = Debug|Any CPU
		{85D964B2-CFF6-4EE7-AB09-DB0E74CC9923}.Release|Any CPU.ActiveCfg = Release|Any CPU
		{85D964B2-CFF6-4EE7-AB09-DB0E74CC9923}.Release|Any CPU.Build.0 = Release|Any CPU
		{39CB65E1-1C80-40B1-AECD-C7F97BBDE191}.Debug|Any CPU.ActiveCfg = Debug|Any CPU
		{39CB65E1-1C80-40B1-AECD-C7F97BBDE191}.Debug|Any CPU.Build.0 = Debug|Any CPU
		{39CB65E1-1C80-40B1-AECD-C7F97BBDE191}.Release|Any CPU.ActiveCfg = Release|Any CPU
		{39CB65E1-1C80-40B1-AECD-C7F97BBDE191}.Release|Any CPU.Build.0 = Release|Any CPU
	EndGlobalSection
	GlobalSection(SolutionProperties) = preSolution
		HideSolutionNode = FALSE
	EndGlobalSection
	GlobalSection(ExtensibilityGlobals) = postSolution
		SolutionGuid = {3075C01B-5B4C-4E09-8B7A-04D8271631FD}
	EndGlobalSection
EndGlobal
