
Microsoft Visual Studio Solution File, Format Version 12.00
# Visual Studio Version 17
VisualStudioVersion = 17.2.32526.322
MinimumVisualStudioVersion = 10.0.40219.1
Project("{2150E333-8FDC-42A3-9474-1A3956D46DE8}") = "Solution Items", "Solution Items", "{15786DD8-C98E-4BE8-9341-A6A274631DEF}"
	ProjectSection(SolutionItems) = preProject
		CHANGELOG = CHANGELOG
		LICENSE = LICENSE
		README.md = README.md
	EndProjectSection
EndProject
Project("{9A19103F-16F7-4668-BE54-9A1E7A4F7556}") = "DotNetCommons", "DotNetCommons\src\DotNetCommons\DotNetCommons.csproj", "{41ED4443-0D88-4BF4-8E60-2292CD85D32D}"
EndProject
Project("{FAE04EC0-301F-11D3-BF4B-00C04F79EFBC}") = "Cronical", "Cronical\Cronical.csproj", "{4DCAF0AC-4D69-47BB-88AF-DB02B56CFC73}"
EndProject
Project("{FAE04EC0-301F-11D3-BF4B-00C04F79EFBC}") = "Cronical.Integrations", "Cronical.Integrations\Cronical.Integrations.csproj", "{ED4A1379-A339-4F1F-ABA5-60FE3E992A1A}"
EndProject
Project("{FAE04EC0-301F-11D3-BF4B-00C04F79EFBC}") = "Cronical.MySql", "Cronical.MySql\Cronical.MySql.csproj", "{D3AAFCCB-B850-4C6C-962B-2A30F95972A1}"
EndProject
Project("{FAE04EC0-301F-11D3-BF4B-00C04F79EFBC}") = "CronicalTests", "CronicalTests\CronicalTests.csproj", "{34BE5605-E333-4B59-A213-57326CB08E1C}"
EndProject
Global
	GlobalSection(SolutionConfigurationPlatforms) = preSolution
		Debug|Any CPU = Debug|Any CPU
		Release|Any CPU = Release|Any CPU
	EndGlobalSection
	GlobalSection(ProjectConfigurationPlatforms) = postSolution
		{41ED4443-0D88-4BF4-8E60-2292CD85D32D}.Debug|Any CPU.ActiveCfg = Debug|Any CPU
		{41ED4443-0D88-4BF4-8E60-2292CD85D32D}.Debug|Any CPU.Build.0 = Debug|Any CPU
		{41ED4443-0D88-4BF4-8E60-2292CD85D32D}.Release|Any CPU.ActiveCfg = Release|Any CPU
		{41ED4443-0D88-4BF4-8E60-2292CD85D32D}.Release|Any CPU.Build.0 = Release|Any CPU
		{4DCAF0AC-4D69-47BB-88AF-DB02B56CFC73}.Debug|Any CPU.ActiveCfg = Debug|Any CPU
		{4DCAF0AC-4D69-47BB-88AF-DB02B56CFC73}.Debug|Any CPU.Build.0 = Debug|Any CPU
		{4DCAF0AC-4D69-47BB-88AF-DB02B56CFC73}.Release|Any CPU.ActiveCfg = Release|Any CPU
		{4DCAF0AC-4D69-47BB-88AF-DB02B56CFC73}.Release|Any CPU.Build.0 = Release|Any CPU
		{ED4A1379-A339-4F1F-ABA5-60FE3E992A1A}.Debug|Any CPU.ActiveCfg = Debug|Any CPU
		{ED4A1379-A339-4F1F-ABA5-60FE3E992A1A}.Debug|Any CPU.Build.0 = Debug|Any CPU
		{ED4A1379-A339-4F1F-ABA5-60FE3E992A1A}.Release|Any CPU.ActiveCfg = Release|Any CPU
		{ED4A1379-A339-4F1F-ABA5-60FE3E992A1A}.Release|Any CPU.Build.0 = Release|Any CPU
		{D3AAFCCB-B850-4C6C-962B-2A30F95972A1}.Debug|Any CPU.ActiveCfg = Debug|Any CPU
		{D3AAFCCB-B850-4C6C-962B-2A30F95972A1}.Debug|Any CPU.Build.0 = Debug|Any CPU
		{D3AAFCCB-B850-4C6C-962B-2A30F95972A1}.Release|Any CPU.ActiveCfg = Release|Any CPU
		{D3AAFCCB-B850-4C6C-962B-2A30F95972A1}.Release|Any CPU.Build.0 = Release|Any CPU
		{34BE5605-E333-4B59-A213-57326CB08E1C}.Debug|Any CPU.ActiveCfg = Debug|Any CPU
		{34BE5605-E333-4B59-A213-57326CB08E1C}.Debug|Any CPU.Build.0 = Debug|Any CPU
		{34BE5605-E333-4B59-A213-57326CB08E1C}.Release|Any CPU.ActiveCfg = Release|Any CPU
		{34BE5605-E333-4B59-A213-57326CB08E1C}.Release|Any CPU.Build.0 = Release|Any CPU
	EndGlobalSection
	GlobalSection(SolutionProperties) = preSolution
		HideSolutionNode = FALSE
	EndGlobalSection
	GlobalSection(ExtensibilityGlobals) = postSolution
		SolutionGuid = {3075C01B-5B4C-4E09-8B7A-04D8271631FD}
	EndGlobalSection
EndGlobal
